// !$*UTF8*$!
{
	archiveVersion = 1;
	classes = {
	};
	objectVersion = 46;
	objects = {

/* Begin PBXBuildFile section */
		EA851A34195A9AE700B6EAED /* Foundation.framework in Frameworks */ = {isa = PBXBuildFile; fileRef = EA851A33195A9AE700B6EAED /* Foundation.framework */; };
		EA851A36195A9AE700B6EAED /* CoreGraphics.framework in Frameworks */ = {isa = PBXBuildFile; fileRef = EA851A35195A9AE700B6EAED /* CoreGraphics.framework */; };
		EA851A38195A9AE700B6EAED /* UIKit.framework in Frameworks */ = {isa = PBXBuildFile; fileRef = EA851A37195A9AE700B6EAED /* UIKit.framework */; };
		EA851A3A195A9AE700B6EAED /* SpriteKit.framework in Frameworks */ = {isa = PBXBuildFile; fileRef = EA851A39195A9AE700B6EAED /* SpriteKit.framework */; };
		EA851A40195A9AE700B6EAED /* InfoPlist.strings in Resources */ = {isa = PBXBuildFile; fileRef = EA851A3E195A9AE700B6EAED /* InfoPlist.strings */; };
		EA851A42195A9AE700B6EAED /* main.m in Sources */ = {isa = PBXBuildFile; fileRef = EA851A41195A9AE700B6EAED /* main.m */; };
		EA851A46195A9AE700B6EAED /* AppDelegate.m in Sources */ = {isa = PBXBuildFile; fileRef = EA851A45195A9AE700B6EAED /* AppDelegate.m */; };
		EA851A49195A9AE700B6EAED /* Main.storyboard in Resources */ = {isa = PBXBuildFile; fileRef = EA851A47195A9AE700B6EAED /* Main.storyboard */; };
		EA851A4C195A9AE700B6EAED /* ViewController.m in Sources */ = {isa = PBXBuildFile; fileRef = EA851A4B195A9AE700B6EAED /* ViewController.m */; };
		EA851A4F195A9AE700B6EAED /* MyScene.m in Sources */ = {isa = PBXBuildFile; fileRef = EA851A4E195A9AE700B6EAED /* MyScene.m */; };
		EA851A51195A9AE700B6EAED /* Spaceship.png in Resources */ = {isa = PBXBuildFile; fileRef = EA851A50195A9AE700B6EAED /* Spaceship.png */; };
		EA851A53195A9AE700B6EAED /* Images.xcassets in Resources */ = {isa = PBXBuildFile; fileRef = EA851A52195A9AE700B6EAED /* Images.xcassets */; };
		EA851A5A195A9AE800B6EAED /* XCTest.framework in Frameworks */ = {isa = PBXBuildFile; fileRef = EA851A59195A9AE800B6EAED /* XCTest.framework */; };
		EA851A5B195A9AE800B6EAED /* Foundation.framework in Frameworks */ = {isa = PBXBuildFile; fileRef = EA851A33195A9AE700B6EAED /* Foundation.framework */; };
		EA851A5C195A9AE800B6EAED /* UIKit.framework in Frameworks */ = {isa = PBXBuildFile; fileRef = EA851A37195A9AE700B6EAED /* UIKit.framework */; };
		EA851A64195A9AE800B6EAED /* InfoPlist.strings in Resources */ = {isa = PBXBuildFile; fileRef = EA851A62195A9AE800B6EAED /* InfoPlist.strings */; };
		EA851A66195A9AE800B6EAED /* SpriteKitSimpleGameTests.m in Sources */ = {isa = PBXBuildFile; fileRef = EA851A65195A9AE800B6EAED /* SpriteKitSimpleGameTests.m */; };
		EA851A74195A9B5700B6EAED /* background-music-aac.caf in Resources */ = {isa = PBXBuildFile; fileRef = EA851A71195A9B5700B6EAED /* background-music-aac.caf */; };
		EA851A75195A9B5700B6EAED /* pew-pew-lei.caf in Resources */ = {isa = PBXBuildFile; fileRef = EA851A72195A9B5700B6EAED /* pew-pew-lei.caf */; };
		EA851A76195A9B5700B6EAED /* sprites.atlas in Resources */ = {isa = PBXBuildFile; fileRef = EA851A73195A9B5700B6EAED /* sprites.atlas */; };
		EA851A7C195A9FDF00B6EAED /* GameOverScene.m in Sources */ = {isa = PBXBuildFile; fileRef = EA851A7B195A9FDF00B6EAED /* GameOverScene.m */; };
/* End PBXBuildFile section */

/* Begin PBXContainerItemProxy section */
		EA851A5D195A9AE800B6EAED /* PBXContainerItemProxy */ = {
			isa = PBXContainerItemProxy;
			containerPortal = EA851A28195A9AE700B6EAED /* Project object */;
			proxyType = 1;
			remoteGlobalIDString = EA851A2F195A9AE700B6EAED;
			remoteInfo = SpriteKitSimpleGame;
		};
/* End PBXContainerItemProxy section */

/* Begin PBXFileReference section */
		EA851A30195A9AE700B6EAED /* SpriteKitSimpleGame.app */ = {isa = PBXFileReference; explicitFileType = wrapper.application; includeInIndex = 0; path = SpriteKitSimpleGame.app; sourceTree = BUILT_PRODUCTS_DIR; };
		EA851A33195A9AE700B6EAED /* Foundation.framework */ = {isa = PBXFileReference; lastKnownFileType = wrapper.framework; name = Foundation.framework; path = System/Library/Frameworks/Foundation.framework; sourceTree = SDKROOT; };
		EA851A35195A9AE700B6EAED /* CoreGraphics.framework */ = {isa = PBXFileReference; lastKnownFileType = wrapper.framework; name = CoreGraphics.framework; path = System/Library/Frameworks/CoreGraphics.framework; sourceTree = SDKROOT; };
		EA851A37195A9AE700B6EAED /* UIKit.framework */ = {isa = PBXFileReference; lastKnownFileType = wrapper.framework; name = UIKit.framework; path = System/Library/Frameworks/UIKit.framework; sourceTree = SDKROOT; };
		EA851A39195A9AE700B6EAED /* SpriteKit.framework */ = {isa = PBXFileReference; lastKnownFileType = wrapper.framework; name = SpriteKit.framework; path = System/Library/Frameworks/SpriteKit.framework; sourceTree = SDKROOT; };
		EA851A3D195A9AE700B6EAED /* SpriteKitSimpleGame-Info.plist */ = {isa = PBXFileReference; lastKnownFileType = text.plist.xml; path = "SpriteKitSimpleGame-Info.plist"; sourceTree = "<group>"; };
		EA851A3F195A9AE700B6EAED /* en */ = {isa = PBXFileReference; lastKnownFileType = text.plist.strings; name = en; path = en.lproj/InfoPlist.strings; sourceTree = "<group>"; };
		EA851A41195A9AE700B6EAED /* main.m */ = {isa = PBXFileReference; lastKnownFileType = sourcecode.c.objc; path = main.m; sourceTree = "<group>"; };
		EA851A43195A9AE700B6EAED /* SpriteKitSimpleGame-Prefix.pch */ = {isa = PBXFileReference; lastKnownFileType = sourcecode.c.h; path = "SpriteKitSimpleGame-Prefix.pch"; sourceTree = "<group>"; };
		EA851A44195A9AE700B6EAED /* AppDelegate.h */ = {isa = PBXFileReference; lastKnownFileType = sourcecode.c.h; path = AppDelegate.h; sourceTree = "<group>"; };
		EA851A45195A9AE700B6EAED /* AppDelegate.m */ = {isa = PBXFileReference; lastKnownFileType = sourcecode.c.objc; path = AppDelegate.m; sourceTree = "<group>"; };
		EA851A48195A9AE700B6EAED /* Base */ = {isa = PBXFileReference; lastKnownFileType = file.storyboard; name = Base; path = Base.lproj/Main.storyboard; sourceTree = "<group>"; };
		EA851A4A195A9AE700B6EAED /* ViewController.h */ = {isa = PBXFileReference; lastKnownFileType = sourcecode.c.h; path = ViewController.h; sourceTree = "<group>"; };
		EA851A4B195A9AE700B6EAED /* ViewController.m */ = {isa = PBXFileReference; lastKnownFileType = sourcecode.c.objc; path = ViewController.m; sourceTree = "<group>"; };
		EA851A4D195A9AE700B6EAED /* MyScene.h */ = {isa = PBXFileReference; lastKnownFileType = sourcecode.c.h; path = MyScene.h; sourceTree = "<group>"; };
		EA851A4E195A9AE700B6EAED /* MyScene.m */ = {isa = PBXFileReference; lastKnownFileType = sourcecode.c.objc; path = MyScene.m; sourceTree = "<group>"; };
		EA851A50195A9AE700B6EAED /* Spaceship.png */ = {isa = PBXFileReference; lastKnownFileType = image.png; path = Spaceship.png; sourceTree = "<group>"; };
		EA851A52195A9AE700B6EAED /* Images.xcassets */ = {isa = PBXFileReference; lastKnownFileType = folder.assetcatalog; path = Images.xcassets; sourceTree = "<group>"; };
		EA851A58195A9AE800B6EAED /* SpriteKitSimpleGameTests.xctest */ = {isa = PBXFileReference; explicitFileType = wrapper.cfbundle; includeInIndex = 0; path = SpriteKitSimpleGameTests.xctest; sourceTree = BUILT_PRODUCTS_DIR; };
		EA851A59195A9AE800B6EAED /* XCTest.framework */ = {isa = PBXFileReference; lastKnownFileType = wrapper.framework; name = XCTest.framework; path = Library/Frameworks/XCTest.framework; sourceTree = DEVELOPER_DIR; };
		EA851A61195A9AE800B6EAED /* SpriteKitSimpleGameTests-Info.plist */ = {isa = PBXFileReference; lastKnownFileType = text.plist.xml; path = "SpriteKitSimpleGameTests-Info.plist"; sourceTree = "<group>"; };
		EA851A63195A9AE800B6EAED /* en */ = {isa = PBXFileReference; lastKnownFileType = text.plist.strings; name = en; path = en.lproj/InfoPlist.strings; sourceTree = "<group>"; };
		EA851A65195A9AE800B6EAED /* SpriteKitSimpleGameTests.m */ = {isa = PBXFileReference; lastKnownFileType = sourcecode.c.objc; path = SpriteKitSimpleGameTests.m; sourceTree = "<group>"; };
		EA851A71195A9B5700B6EAED /* background-music-aac.caf */ = {isa = PBXFileReference; lastKnownFileType = file; path = "background-music-aac.caf"; sourceTree = "<group>"; };
		EA851A72195A9B5700B6EAED /* pew-pew-lei.caf */ = {isa = PBXFileReference; lastKnownFileType = file; path = "pew-pew-lei.caf"; sourceTree = "<group>"; };
		EA851A73195A9B5700B6EAED /* sprites.atlas */ = {isa = PBXFileReference; lastKnownFileType = folder.skatlas; path = sprites.atlas; sourceTree = "<group>"; };
		EA851A7A195A9FDF00B6EAED /* GameOverScene.h */ = {isa = PBXFileReference; fileEncoding = 4; lastKnownFileType = sourcecode.c.h; path = GameOverScene.h; sourceTree = "<group>"; };
		EA851A7B195A9FDF00B6EAED /* GameOverScene.m */ = {isa = PBXFileReference; fileEncoding = 4; lastKnownFileType = sourcecode.c.objc; path = GameOverScene.m; sourceTree = "<group>"; };
/* End PBXFileReference section */

/* Begin PBXFrameworksBuildPhase section */
		EA851A2D195A9AE700B6EAED /* Frameworks */ = {
			isa = PBXFrameworksBuildPhase;
			buildActionMask = 2147483647;
			files = (
				EA851A36195A9AE700B6EAED /* CoreGraphics.framework in Frameworks */,
				EA851A38195A9AE700B6EAED /* UIKit.framework in Frameworks */,
				EA851A3A195A9AE700B6EAED /* SpriteKit.framework in Frameworks */,
				EA851A34195A9AE700B6EAED /* Foundation.framework in Frameworks */,
			);
			runOnlyForDeploymentPostprocessing = 0;
		};
		EA851A55195A9AE800B6EAED /* Frameworks */ = {
			isa = PBXFrameworksBuildPhase;
			buildActionMask = 2147483647;
			files = (
				EA851A5A195A9AE800B6EAED /* XCTest.framework in Frameworks */,
				EA851A5C195A9AE800B6EAED /* UIKit.framework in Frameworks */,
				EA851A5B195A9AE800B6EAED /* Foundation.framework in Frameworks */,
			);
			runOnlyForDeploymentPostprocessing = 0;
		};
/* End PBXFrameworksBuildPhase section */

/* Begin PBXGroup section */
		EA851A27195A9AE700B6EAED = {
			isa = PBXGroup;
			children = (
				EA851A3B195A9AE700B6EAED /* SpriteKitSimpleGame */,
				EA851A5F195A9AE800B6EAED /* SpriteKitSimpleGameTests */,
				EA851A32195A9AE700B6EAED /* Frameworks */,
				EA851A31195A9AE700B6EAED /* Products */,
			);
			sourceTree = "<group>";
		};
		EA851A31195A9AE700B6EAED /* Products */ = {
			isa = PBXGroup;
			children = (
				EA851A30195A9AE700B6EAED /* SpriteKitSimpleGame.app */,
				EA851A58195A9AE800B6EAED /* SpriteKitSimpleGameTests.xctest */,
			);
			name = Products;
			sourceTree = "<group>";
		};
		EA851A32195A9AE700B6EAED /* Frameworks */ = {
			isa = PBXGroup;
			children = (
				EA851A33195A9AE700B6EAED /* Foundation.framework */,
				EA851A35195A9AE700B6EAED /* CoreGraphics.framework */,
				EA851A37195A9AE700B6EAED /* UIKit.framework */,
				EA851A39195A9AE700B6EAED /* SpriteKit.framework */,
				EA851A59195A9AE800B6EAED /* XCTest.framework */,
			);
			name = Frameworks;
			sourceTree = "<group>";
		};
		EA851A3B195A9AE700B6EAED /* SpriteKitSimpleGame */ = {
			isa = PBXGroup;
			children = (
				EA851A6F195A9B5700B6EAED /* SpriteKitSimpleGameResources */,
				EA851A44195A9AE700B6EAED /* AppDelegate.h */,
				EA851A45195A9AE700B6EAED /* AppDelegate.m */,
				EA851A47195A9AE700B6EAED /* Main.storyboard */,
				EA851A4A195A9AE700B6EAED /* ViewController.h */,
				EA851A4B195A9AE700B6EAED /* ViewController.m */,
				EA851A4D195A9AE700B6EAED /* MyScene.h */,
				EA851A4E195A9AE700B6EAED /* MyScene.m */,
				EA851A50195A9AE700B6EAED /* Spaceship.png */,
				EA851A52195A9AE700B6EAED /* Images.xcassets */,
				EA851A3C195A9AE700B6EAED /* Supporting Files */,
			);
			path = SpriteKitSimpleGame;
			sourceTree = "<group>";
		};
		EA851A3C195A9AE700B6EAED /* Supporting Files */ = {
			isa = PBXGroup;
			children = (
				EA851A3D195A9AE700B6EAED /* SpriteKitSimpleGame-Info.plist */,
				EA851A3E195A9AE700B6EAED /* InfoPlist.strings */,
				EA851A41195A9AE700B6EAED /* main.m */,
				EA851A43195A9AE700B6EAED /* SpriteKitSimpleGame-Prefix.pch */,
			);
			name = "Supporting Files";
			sourceTree = "<group>";
		};
		EA851A5F195A9AE800B6EAED /* SpriteKitSimpleGameTests */ = {
			isa = PBXGroup;
			children = (
				EA851A65195A9AE800B6EAED /* SpriteKitSimpleGameTests.m */,
				EA851A60195A9AE800B6EAED /* Supporting Files */,
			);
			path = SpriteKitSimpleGameTests;
			sourceTree = "<group>";
		};
		EA851A60195A9AE800B6EAED /* Supporting Files */ = {
			isa = PBXGroup;
			children = (
				EA851A61195A9AE800B6EAED /* SpriteKitSimpleGameTests-Info.plist */,
				EA851A62195A9AE800B6EAED /* InfoPlist.strings */,
			);
			name = "Supporting Files";
			sourceTree = "<group>";
		};
		EA851A6F195A9B5700B6EAED /* SpriteKitSimpleGameResources */ = {
			isa = PBXGroup;
			children = (
				EA851A70195A9B5700B6EAED /* Sounds */,
				EA851A73195A9B5700B6EAED /* sprites.atlas */,
				EA851A7A195A9FDF00B6EAED /* GameOverScene.h */,
				EA851A7B195A9FDF00B6EAED /* GameOverScene.m */,
			);
			path = SpriteKitSimpleGameResources;
			sourceTree = "<group>";
		};
		EA851A70195A9B5700B6EAED /* Sounds */ = {
			isa = PBXGroup;
			children = (
				EA851A71195A9B5700B6EAED /* background-music-aac.caf */,
				EA851A72195A9B5700B6EAED /* pew-pew-lei.caf */,
			);
			path = Sounds;
			sourceTree = "<group>";
		};
/* End PBXGroup section */

/* Begin PBXNativeTarget section */
		EA851A2F195A9AE700B6EAED /* SpriteKitSimpleGame */ = {
			isa = PBXNativeTarget;
			buildConfigurationList = EA851A69195A9AE800B6EAED /* Build configuration list for PBXNativeTarget "SpriteKitSimpleGame" */;
			buildPhases = (
				EA851A2C195A9AE700B6EAED /* Sources */,
				EA851A2D195A9AE700B6EAED /* Frameworks */,
				EA851A2E195A9AE700B6EAED /* Resources */,
			);
			buildRules = (
			);
			dependencies = (
			);
			name = SpriteKitSimpleGame;
			productName = SpriteKitSimpleGame;
			productReference = EA851A30195A9AE700B6EAED /* SpriteKitSimpleGame.app */;
			productType = "com.apple.product-type.application";
		};
		EA851A57195A9AE800B6EAED /* SpriteKitSimpleGameTests */ = {
			isa = PBXNativeTarget;
			buildConfigurationList = EA851A6C195A9AE800B6EAED /* Build configuration list for PBXNativeTarget "SpriteKitSimpleGameTests" */;
			buildPhases = (
				EA851A54195A9AE800B6EAED /* Sources */,
				EA851A55195A9AE800B6EAED /* Frameworks */,
				EA851A56195A9AE800B6EAED /* Resources */,
			);
			buildRules = (
			);
			dependencies = (
				EA851A5E195A9AE800B6EAED /* PBXTargetDependency */,
			);
			name = SpriteKitSimpleGameTests;
			productName = SpriteKitSimpleGameTests;
			productReference = EA851A58195A9AE800B6EAED /* SpriteKitSimpleGameTests.xctest */;
			productType = "com.apple.product-type.bundle.unit-test";
		};
/* End PBXNativeTarget section */

/* Begin PBXProject section */
		EA851A28195A9AE700B6EAED /* Project object */ = {
			isa = PBXProject;
			attributes = {
				LastUpgradeCheck = 0510;
				ORGANIZATIONNAME = ZeroLinux5;
				TargetAttributes = {
					EA851A57195A9AE800B6EAED = {
						TestTargetID = EA851A2F195A9AE700B6EAED;
					};
				};
			};
			buildConfigurationList = EA851A2B195A9AE700B6EAED /* Build configuration list for PBXProject "SpriteKitSimpleGame" */;
			compatibilityVersion = "Xcode 3.2";
			developmentRegion = English;
			hasScannedForEncodings = 0;
			knownRegions = (
				en,
				Base,
			);
			mainGroup = EA851A27195A9AE700B6EAED;
			productRefGroup = EA851A31195A9AE700B6EAED /* Products */;
			projectDirPath = "";
			projectRoot = "";
			targets = (
				EA851A2F195A9AE700B6EAED /* SpriteKitSimpleGame */,
				EA851A57195A9AE800B6EAED /* SpriteKitSimpleGameTests */,
			);
		};
/* End PBXProject section */

/* Begin PBXResourcesBuildPhase section */
		EA851A2E195A9AE700B6EAED /* Resources */ = {
			isa = PBXResourcesBuildPhase;
			buildActionMask = 2147483647;
			files = (
				EA851A76195A9B5700B6EAED /* sprites.atlas in Resources */,
				EA851A74195A9B5700B6EAED /* background-music-aac.caf in Resources */,
				EA851A40195A9AE700B6EAED /* InfoPlist.strings in Resources */,
				EA851A53195A9AE700B6EAED /* Images.xcassets in Resources */,
				EA851A51195A9AE700B6EAED /* Spaceship.png in Resources */,
				EA851A49195A9AE700B6EAED /* Main.storyboard in Resources */,
				EA851A75195A9B5700B6EAED /* pew-pew-lei.caf in Resources */,
			);
			runOnlyForDeploymentPostprocessing = 0;
		};
		EA851A56195A9AE800B6EAED /* Resources */ = {
			isa = PBXResourcesBuildPhase;
			buildActionMask = 2147483647;
			files = (
				EA851A64195A9AE800B6EAED /* InfoPlist.strings in Resources */,
			);
			runOnlyForDeploymentPostprocessing = 0;
		};
/* End PBXResourcesBuildPhase section */

/* Begin PBXSourcesBuildPhase section */
		EA851A2C195A9AE700B6EAED /* Sources */ = {
			isa = PBXSourcesBuildPhase;
			buildActionMask = 2147483647;
			files = (
				EA851A7C195A9FDF00B6EAED /* GameOverScene.m in Sources */,
				EA851A4F195A9AE700B6EAED /* MyScene.m in Sources */,
				EA851A4C195A9AE700B6EAED /* ViewController.m in Sources */,
				EA851A46195A9AE700B6EAED /* AppDelegate.m in Sources */,
				EA851A42195A9AE700B6EAED /* main.m in Sources */,
			);
			runOnlyForDeploymentPostprocessing = 0;
		};
		EA851A54195A9AE800B6EAED /* Sources */ = {
			isa = PBXSourcesBuildPhase;
			buildActionMask = 2147483647;
			files = (
				EA851A66195A9AE800B6EAED /* SpriteKitSimpleGameTests.m in Sources */,
			);
			runOnlyForDeploymentPostprocessing = 0;
		};
/* End PBXSourcesBuildPhase section */

/* Begin PBXTargetDependency section */
		EA851A5E195A9AE800B6EAED /* PBXTargetDependency */ = {
			isa = PBXTargetDependency;
			target = EA851A2F195A9AE700B6EAED /* SpriteKitSimpleGame */;
			targetProxy = EA851A5D195A9AE800B6EAED /* PBXContainerItemProxy */;
		};
/* End PBXTargetDependency section */

/* Begin PBXVariantGroup section */
		EA851A3E195A9AE700B6EAED /* InfoPlist.strings */ = {
			isa = PBXVariantGroup;
			children = (
				EA851A3F195A9AE700B6EAED /* en */,
			);
			name = InfoPlist.strings;
			sourceTree = "<group>";
		};
		EA851A47195A9AE700B6EAED /* Main.storyboard */ = {
			isa = PBXVariantGroup;
			children = (
				EA851A48195A9AE700B6EAED /* Base */,
			);
			name = Main.storyboard;
			sourceTree = "<group>";
		};
		EA851A62195A9AE800B6EAED /* InfoPlist.strings */ = {
			isa = PBXVariantGroup;
			children = (
				EA851A63195A9AE800B6EAED /* en */,
			);
			name = InfoPlist.strings;
			sourceTree = "<group>";
		};
/* End PBXVariantGroup section */

/* Begin XCBuildConfiguration section */
		EA851A67195A9AE800B6EAED /* Debug */ = {
			isa = XCBuildConfiguration;
			buildSettings = {
				ALWAYS_SEARCH_USER_PATHS = NO;
				CLANG_CXX_LANGUAGE_STANDARD = "gnu++0x";
				CLANG_CXX_LIBRARY = "libc++";
				CLANG_ENABLE_MODULES = YES;
				CLANG_ENABLE_OBJC_ARC = YES;
				CLANG_WARN_BOOL_CONVERSION = YES;
				CLANG_WARN_CONSTANT_CONVERSION = YES;
				CLANG_WARN_DIRECT_OBJC_ISA_USAGE = YES_ERROR;
				CLANG_WARN_EMPTY_BODY = YES;
				CLANG_WARN_ENUM_CONVERSION = YES;
				CLANG_WARN_INT_CONVERSION = YES;
				CLANG_WARN_OBJC_ROOT_CLASS = YES_ERROR;
				CLANG_WARN__DUPLICATE_METHOD_MATCH = YES;
				"CODE_SIGN_IDENTITY[sdk=iphoneos*]" = "iPhone Developer";
				COPY_PHASE_STRIP = NO;
				GCC_C_LANGUAGE_STANDARD = gnu99;
				GCC_DYNAMIC_NO_PIC = NO;
				GCC_OPTIMIZATION_LEVEL = 0;
				GCC_PREPROCESSOR_DEFINITIONS = (
					"DEBUG=1",
					"$(inherited)",
				);
				GCC_SYMBOLS_PRIVATE_EXTERN = NO;
				GCC_WARN_64_TO_32_BIT_CONVERSION = YES;
				GCC_WARN_ABOUT_RETURN_TYPE = YES_ERROR;
				GCC_WARN_UNDECLARED_SELECTOR = YES;
				GCC_WARN_UNINITIALIZED_AUTOS = YES_AGGRESSIVE;
				GCC_WARN_UNUSED_FUNCTION = YES;
				GCC_WARN_UNUSED_VARIABLE = YES;
				IPHONEOS_DEPLOYMENT_TARGET = 7.1;
				ONLY_ACTIVE_ARCH = YES;
				SDKROOT = iphoneos;
			};
			name = Debug;
		};
		EA851A68195A9AE800B6EAED /* Release */ = {
			isa = XCBuildConfiguration;
			buildSettings = {
				ALWAYS_SEARCH_USER_PATHS = NO;
				CLANG_CXX_LANGUAGE_STANDARD = "gnu++0x";
				CLANG_CXX_LIBRARY = "libc++";
				CLANG_ENABLE_MODULES = YES;
				CLANG_ENABLE_OBJC_ARC = YES;
				CLANG_WARN_BOOL_CONVERSION = YES;
				CLANG_WARN_CONSTANT_CONVERSION = YES;
				CLANG_WARN_DIRECT_OBJC_ISA_USAGE = YES_ERROR;
				CLANG_WARN_EMPTY_BODY = YES;
				CLANG_WARN_ENUM_CONVERSION = YES;
				CLANG_WARN_INT_CONVERSION = YES;
				CLANG_WARN_OBJC_ROOT_CLASS = YES_ERROR;
				CLANG_WARN__DUPLICATE_METHOD_MATCH = YES;
				"CODE_SIGN_IDENTITY[sdk=iphoneos*]" = "iPhone Developer";
				COPY_PHASE_STRIP = YES;
				ENABLE_NS_ASSERTIONS = NO;
				GCC_C_LANGUAGE_STANDARD = gnu99;
				GCC_WARN_64_TO_32_BIT_CONVERSION = YES;
				GCC_WARN_ABOUT_RETURN_TYPE = YES_ERROR;
				GCC_WARN_UNDECLARED_SELECTOR = YES;
				GCC_WARN_UNINITIALIZED_AUTOS = YES_AGGRESSIVE;
				GCC_WARN_UNUSED_FUNCTION = YES;
				GCC_WARN_UNUSED_VARIABLE = YES;
				IPHONEOS_DEPLOYMENT_TARGET = 7.1;
				SDKROOT = iphoneos;
				VALIDATE_PRODUCT = YES;
			};
			name = Release;
		};
		EA851A6A195A9AE800B6EAED /* Debug */ = {
			isa = XCBuildConfiguration;
			buildSettings = {
				ASSETCATALOG_COMPILER_APPICON_NAME = AppIcon;
				ASSETCATALOG_COMPILER_LAUNCHIMAGE_NAME = LaunchImage;
				GCC_PRECOMPILE_PREFIX_HEADER = YES;
				GCC_PREFIX_HEADER = "SpriteKitSimpleGame/SpriteKitSimpleGame-Prefix.pch";
				INFOPLIST_FILE = "SpriteKitSimpleGame/SpriteKitSimpleGame-Info.plist";
				PRODUCT_NAME = "$(TARGET_NAME)";
				SPRITEKIT_TEXTURE_ATLAS_OUTPUT = YES;
				WRAPPER_EXTENSION = app;
			};
			name = Debug;
		};
		EA851A6B195A9AE800B6EAED /* Release */ = {
			isa = XCBuildConfiguration;
			buildSettings = {
				ASSETCATALOG_COMPILER_APPICON_NAME = AppIcon;
				ASSETCATALOG_COMPILER_LAUNCHIMAGE_NAME = LaunchImage;
				GCC_PRECOMPILE_PREFIX_HEADER = YES;
				GCC_PREFIX_HEADER = "SpriteKitSimpleGame/SpriteKitSimpleGame-Prefix.pch";
				INFOPLIST_FILE = "SpriteKitSimpleGame/SpriteKitSimpleGame-Info.plist";
				PRODUCT_NAME = "$(TARGET_NAME)";
				SPRITEKIT_TEXTURE_ATLAS_OUTPUT = YES;
				WRAPPER_EXTENSION = app;
			};
			name = Release;
		};
		EA851A6D195A9AE800B6EAED /* Debug */ = {
			isa = XCBuildConfiguration;
			buildSettings = {
				BUNDLE_LOADER = "$(BUILT_PRODUCTS_DIR)/SpriteKitSimpleGame.app/SpriteKitSimpleGame";
				FRAMEWORK_SEARCH_PATHS = (
					"$(SDKROOT)/Developer/Library/Frameworks",
					"$(inherited)",
					"$(DEVELOPER_FRAMEWORKS_DIR)",
				);
				GCC_PRECOMPILE_PREFIX_HEADER = YES;
				GCC_PREFIX_HEADER = "SpriteKitSimpleGame/SpriteKitSimpleGame-Prefix.pch";
				GCC_PREPROCESSOR_DEFINITIONS = (
					"DEBUG=1",
					"$(inherited)",
				);
				INFOPLIST_FILE = "SpriteKitSimpleGameTests/SpriteKitSimpleGameTests-Info.plist";
				PRODUCT_NAME = "$(TARGET_NAME)";
				TEST_HOST = "$(BUNDLE_LOADER)";
				WRAPPER_EXTENSION = xctest;
			};
			name = Debug;
		};
		EA851A6E195A9AE800B6EAED /* Release */ = {
			isa = XCBuildConfiguration;
			buildSettings = {
				BUNDLE_LOADER = "$(BUILT_PRODUCTS_DIR)/SpriteKitSimpleGame.app/SpriteKitSimpleGame";
				FRAMEWORK_SEARCH_PATHS = (
					"$(SDKROOT)/Developer/Library/Frameworks",
					"$(inherited)",
					"$(DEVELOPER_FRAMEWORKS_DIR)",
				);
				GCC_PRECOMPILE_PREFIX_HEADER = YES;
				GCC_PREFIX_HEADER = "SpriteKitSimpleGame/SpriteKitSimpleGame-Prefix.pch";
				INFOPLIST_FILE = "SpriteKitSimpleGameTests/SpriteKitSimpleGameTests-Info.plist";
				PRODUCT_NAME = "$(TARGET_NAME)";
				TEST_HOST = "$(BUNDLE_LOADER)";
				WRAPPER_EXTENSION = xctest;
			};
			name = Release;
		};
/* End XCBuildConfiguration section */

/* Begin XCConfigurationList section */
		EA851A2B195A9AE700B6EAED /* Build configuration list for PBXProject "SpriteKitSimpleGame" */ = {
			isa = XCConfigurationList;
			buildConfigurations = (
				EA851A67195A9AE800B6EAED /* Debug */,
				EA851A68195A9AE800B6EAED /* Release */,
			);
			defaultConfigurationIsVisible = 0;
			defaultConfigurationName = Release;
		};
		EA851A69195A9AE800B6EAED /* Build configuration list for PBXNativeTarget "SpriteKitSimpleGame" */ = {
			isa = XCConfigurationList;
			buildConfigurations = (
				EA851A6A195A9AE800B6EAED /* Debug */,
				EA851A6B195A9AE800B6EAED /* Release */,
			);
			defaultConfigurationIsVisible = 0;
		};
		EA851A6C195A9AE800B6EAED /* Build configuration list for PBXNativeTarget "SpriteKitSimpleGameTests" */ = {
			isa = XCConfigurationList;
			buildConfigurations = (
				EA851A6D195A9AE800B6EAED /* Debug */,
				EA851A6E195A9AE800B6EAED /* Release */,
			);
			defaultConfigurationIsVisible = 0;
		};
/* End XCConfigurationList section */
	};
	rootObject = EA851A28195A9AE700B6EAED /* Project object */;
}
